
Microsoft Visual Studio Solution File, Format Version 12.00
# Visual Studio 2015
Project("{FAE04EC0-301F-11D3-BF4B-00C04F79EFBC}") = "TezProjem", "TezProjem.csproj", "{209D40DC-A95C-EA8B-8E6C-EEB2B10EEA2A}"
EndProject
Global
	GlobalSection(SolutionConfigurationPlatforms) = preSolution
		Debug|Any CPU = Debug|Any CPU
		Release|Any CPU = Release|Any CPU
	EndGlobalSection
	GlobalSection(ProjectConfigurationPlatforms) = postSolution
		{209D40DC-A95C-EA8B-8E6C-EEB2B10EEA2A}.Debug|Any CPU.ActiveCfg = Debug|Any CPU
		{209D40DC-A95C-EA8B-8E6C-EEB2B10EEA2A}.Debug|Any CPU.Build.0 = Debug|Any CPU
		{209D40DC-A95C-EA8B-8E6C-EEB2B10EEA2A}.Release|Any CPU.ActiveCfg = Release|Any CPU
		{209D40DC-A95C-EA8B-8E6C-EEB2B10EEA2A}.Release|Any CPU.Build.0 = Release|Any CPU
	EndGlobalSection
	GlobalSection(SolutionProperties) = preSolution
		HideSolutionNode = FALSE
	EndGlobalSection
EndGlobal
